
Microsoft Visual Studio Solution File, Format Version 12.00
# Visual Studio Version 17
VisualStudioVersion = 17.14.36623.8 d17.14
MinimumVisualStudioVersion = 10.0.40219.1
Project("{FAE04EC0-301F-11D3-BF4B-00C04F79EFBC}") = "AttendanceSystem", "AttendanceSystem.csproj", "{1B701848-D852-48D7-89C1-E2F23416FDCF}"
EndProject
Global
	GlobalSection(SolutionConfigurationPlatforms) = preSolution
		Debug|Any CPU = Debug|Any CPU
		Release|Any CPU = Release|Any CPU
	EndGlobalSection
	GlobalSection(ProjectConfigurationPlatforms) = postSolution
		{1B701848-D852-48D7-89C1-E2F23416FDCF}.Debug|Any CPU.ActiveCfg = Debug|Any CPU
		{1B701848-D852-48D7-89C1-E2F23416FDCF}.Debug|Any CPU.Build.0 = Debug|Any CPU
		{1B701848-D852-48D7-89C1-E2F23416FDCF}.Release|Any CPU.ActiveCfg = Release|Any CPU
		{1B701848-D852-48D7-89C1-E2F23416FDCF}.Release|Any CPU.Build.0 = Release|Any CPU
	EndGlobalSection
	GlobalSection(SolutionProperties) = preSolution
		HideSolutionNode = FALSE
	EndGlobalSection
	GlobalSection(ExtensibilityGlobals) = postSolution
		SolutionGuid = {23671711-41FC-4262-BE5F-294C9F491631}
	EndGlobalSection
EndGlobal
